
Microsoft Visual Studio Solution File, Format Version 12.00
# Visual Studio Version 16
VisualStudioVersion = 16.0.28922.388
MinimumVisualStudioVersion = 10.0.40219.1
Project("{9A19103F-16F7-4668-BE54-9A1E7A4F7556}") = "Rashtan.AuditStory.API", "src\Rashtan.AuditStory.API\Rashtan.AuditStory.API.csproj", "{99A6DB89-B640-42C8-B4C3-D73F614B309F}"
EndProject
Project("{F2A71F9B-5D33-465A-A702-920D77279786}") = "Rashtan.AuditStory.Dto", "src\Rashtan.AuditStory.Dto\Rashtan.AuditStory.Dto.fsproj", "{986471A9-125C-4272-BD86-3667C2ED94B3}"
EndProject
Global
	GlobalSection(SolutionConfigurationPlatforms) = preSolution
		Debug|Any CPU = Debug|Any CPU
		Release|Any CPU = Release|Any CPU
	EndGlobalSection
	GlobalSection(ProjectConfigurationPlatforms) = postSolution
		{99A6DB89-B640-42C8-B4C3-D73F614B309F}.Debug|Any CPU.ActiveCfg = Debug|Any CPU
		{99A6DB89-B640-42C8-B4C3-D73F614B309F}.Debug|Any CPU.Build.0 = Debug|Any CPU
		{99A6DB89-B640-42C8-B4C3-D73F614B309F}.Release|Any CPU.ActiveCfg = Release|Any CPU
		{99A6DB89-B640-42C8-B4C3-D73F614B309F}.Release|Any CPU.Build.0 = Release|Any CPU
		{986471A9-125C-4272-BD86-3667C2ED94B3}.Debug|Any CPU.ActiveCfg = Debug|Any CPU
		{986471A9-125C-4272-BD86-3667C2ED94B3}.Debug|Any CPU.Build.0 = Debug|Any CPU
		{986471A9-125C-4272-BD86-3667C2ED94B3}.Release|Any CPU.ActiveCfg = Release|Any CPU
		{986471A9-125C-4272-BD86-3667C2ED94B3}.Release|Any CPU.Build.0 = Release|Any CPU
	EndGlobalSection
	GlobalSection(SolutionProperties) = preSolution
		HideSolutionNode = FALSE
	EndGlobalSection
	GlobalSection(ExtensibilityGlobals) = postSolution
		SolutionGuid = {5DFF539A-D3EB-4808-BB9B-1221AD660380}
	EndGlobalSection
EndGlobal
